
Microsoft Visual Studio Solution File, Format Version 12.00
# Visual Studio 15
VisualStudioVersion = 15.0.28307.645
MinimumVisualStudioVersion = 10.0.40219.1
Project("{FAE04EC0-301F-11D3-BF4B-00C04F79EFBC}") = "mvcPhone", "mvcPhone\mvcPhone.csproj", "{293AA218-41C0-43FE-92F3-60FC3F2C1045}"
EndProject
Project("{FAE04EC0-301F-11D3-BF4B-00C04F79EFBC}") = "apiPhoneBook", "apiPhoneBook\apiPhoneBook.csproj", "{0C2BAA49-633D-4CBA-8F23-31B05A8A1AC4}"
EndProject
Project("{FAE04EC0-301F-11D3-BF4B-00C04F79EFBC}") = "appPhone.Android", "appPhone\appPhone.Android\appPhone.Android.csproj", "{56CA57D1-2007-4715-8E34-EEB3B04D8A95}"
EndProject
Project("{FAE04EC0-301F-11D3-BF4B-00C04F79EFBC}") = "appPhone.iOS", "appPhone\appPhone.iOS\appPhone.iOS.csproj", "{4BC8EF41-4CF8-4F46-B1E0-C2F611DF8FE5}"
EndProject
Project("{9A19103F-16F7-4668-BE54-9A1E7A4F7556}") = "appPhone", "appPhone\appPhone\appPhone.csproj", "{3C7080F5-5443-43C9-B5AD-25E907220378}"
EndProject
Project("{FAE04EC0-301F-11D3-BF4B-00C04F79EFBC}") = "apiPhoneSecurity", "apiPhoneSecurity\apiPhoneSecurity.csproj", "{70788858-3F64-4C1E-90B5-A8C653B4F0C8}"
EndProject
Global
	GlobalSection(SolutionConfigurationPlatforms) = preSolution
		Ad-Hoc|Any CPU = Ad-Hoc|Any CPU
		Ad-Hoc|iPhone = Ad-Hoc|iPhone
		Ad-Hoc|iPhoneSimulator = Ad-Hoc|iPhoneSimulator
		AppStore|Any CPU = AppStore|Any CPU
		AppStore|iPhone = AppStore|iPhone
		AppStore|iPhoneSimulator = AppStore|iPhoneSimulator
		Debug|Any CPU = Debug|Any CPU
		Debug|iPhone = Debug|iPhone
		Debug|iPhoneSimulator = Debug|iPhoneSimulator
		Release|Any CPU = Release|Any CPU
		Release|iPhone = Release|iPhone
		Release|iPhoneSimulator = Release|iPhoneSimulator
	EndGlobalSection
	GlobalSection(ProjectConfigurationPlatforms) = postSolution
		{293AA218-41C0-43FE-92F3-60FC3F2C1045}.Ad-Hoc|Any CPU.ActiveCfg = Release|Any CPU
		{293AA218-41C0-43FE-92F3-60FC3F2C1045}.Ad-Hoc|Any CPU.Build.0 = Release|Any CPU
		{293AA218-41C0-43FE-92F3-60FC3F2C1045}.Ad-Hoc|iPhone.ActiveCfg = Release|Any CPU
		{293AA218-41C0-43FE-92F3-60FC3F2C1045}.Ad-Hoc|iPhone.Build.0 = Release|Any CPU
		{293AA218-41C0-43FE-92F3-60FC3F2C1045}.Ad-Hoc|iPhoneSimulator.ActiveCfg = Release|Any CPU
		{293AA218-41C0-43FE-92F3-60FC3F2C1045}.Ad-Hoc|iPhoneSimulator.Build.0 = Release|Any CPU
		{293AA218-41C0-43FE-92F3-60FC3F2C1045}.AppStore|Any CPU.ActiveCfg = Release|Any CPU
		{293AA218-41C0-43FE-92F3-60FC3F2C1045}.AppStore|Any CPU.Build.0 = Release|Any CPU
		{293AA218-41C0-43FE-92F3-60FC3F2C1045}.AppStore|iPhone.ActiveCfg = Release|Any CPU
		{293AA218-41C0-43FE-92F3-60FC3F2C1045}.AppStore|iPhone.Build.0 = Release|Any CPU
		{293AA218-41C0-43FE-92F3-60FC3F2C1045}.AppStore|iPhoneSimulator.ActiveCfg = Release|Any CPU
		{293AA218-41C0-43FE-92F3-60FC3F2C1045}.AppStore|iPhoneSimulator.Build.0 = Release|Any CPU
		{293AA218-41C0-43FE-92F3-60FC3F2C1045}.Debug|Any CPU.ActiveCfg = Debug|Any CPU
		{293AA218-41C0-43FE-92F3-60FC3F2C1045}.Debug|Any CPU.Build.0 = Debug|Any CPU
		{293AA218-41C0-43FE-92F3-60FC3F2C1045}.Debug|iPhone.ActiveCfg = Debug|Any CPU
		{293AA218-41C0-43FE-92F3-60FC3F2C1045}.Debug|iPhone.Build.0 = Debug|Any CPU
		{293AA218-41C0-43FE-92F3-60FC3F2C1045}.Debug|iPhoneSimulator.ActiveCfg = Debug|Any CPU
		{293AA218-41C0-43FE-92F3-60FC3F2C1045}.Debug|iPhoneSimulator.Build.0 = Debug|Any CPU
		{293AA218-41C0-43FE-92F3-60FC3F2C1045}.Release|Any CPU.ActiveCfg = Release|Any CPU
		{293AA218-41C0-43FE-92F3-60FC3F2C1045}.Release|Any CPU.Build.0 = Release|Any CPU
		{293AA218-41C0-43FE-92F3-60FC3F2C1045}.Release|iPhone.ActiveCfg = Release|Any CPU
		{293AA218-41C0-43FE-92F3-60FC3F2C1045}.Release|iPhone.Build.0 = Release|Any CPU
		{293AA218-41C0-43FE-92F3-60FC3F2C1045}.Release|iPhoneSimulator.ActiveCfg = Release|Any CPU
		{293AA218-41C0-43FE-92F3-60FC3F2C1045}.Release|iPhoneSimulator.Build.0 = Release|Any CPU
		{0C2BAA49-633D-4CBA-8F23-31B05A8A1AC4}.Ad-Hoc|Any CPU.ActiveCfg = Release|Any CPU
		{0C2BAA49-633D-4CBA-8F23-31B05A8A1AC4}.Ad-Hoc|Any CPU.Build.0 = Release|Any CPU
		{0C2BAA49-633D-4CBA-8F23-31B05A8A1AC4}.Ad-Hoc|iPhone.ActiveCfg = Release|Any CPU
		{0C2BAA49-633D-4CBA-8F23-31B05A8A1AC4}.Ad-Hoc|iPhone.Build.0 = Release|Any CPU
		{0C2BAA49-633D-4CBA-8F23-31B05A8A1AC4}.Ad-Hoc|iPhoneSimulator.ActiveCfg = Release|Any CPU
		{0C2BAA49-633D-4CBA-8F23-31B05A8A1AC4}.Ad-Hoc|iPhoneSimulator.Build.0 = Release|Any CPU
		{0C2BAA49-633D-4CBA-8F23-31B05A8A1AC4}.AppStore|Any CPU.ActiveCfg = Release|Any CPU
		{0C2BAA49-633D-4CBA-8F23-31B05A8A1AC4}.AppStore|Any CPU.Build.0 = Release|Any CPU
		{0C2BAA49-633D-4CBA-8F23-31B05A8A1AC4}.AppStore|iPhone.ActiveCfg = Release|Any CPU
		{0C2BAA49-633D-4CBA-8F23-31B05A8A1AC4}.AppStore|iPhone.Build.0 = Release|Any CPU
		{0C2BAA49-633D-4CBA-8F23-31B05A8A1AC4}.AppStore|iPhoneSimulator.ActiveCfg = Release|Any CPU
		{0C2BAA49-633D-4CBA-8F23-31B05A8A1AC4}.AppStore|iPhoneSimulator.Build.0 = Release|Any CPU
		{0C2BAA49-633D-4CBA-8F23-31B05A8A1AC4}.Debug|Any CPU.ActiveCfg = Debug|Any CPU
		{0C2BAA49-633D-4CBA-8F23-31B05A8A1AC4}.Debug|Any CPU.Build.0 = Debug|Any CPU
		{0C2BAA49-633D-4CBA-8F23-31B05A8A1AC4}.Debug|iPhone.ActiveCfg = Debug|Any CPU
		{0C2BAA49-633D-4CBA-8F23-31B05A8A1AC4}.Debug|iPhone.Build.0 = Debug|Any CPU
		{0C2BAA49-633D-4CBA-8F23-31B05A8A1AC4}.Debug|iPhoneSimulator.ActiveCfg = Debug|Any CPU
		{0C2BAA49-633D-4CBA-8F23-31B05A8A1AC4}.Debug|iPhoneSimulator.Build.0 = Debug|Any CPU
		{0C2BAA49-633D-4CBA-8F23-31B05A8A1AC4}.Release|Any CPU.ActiveCfg = Release|Any CPU
		{0C2BAA49-633D-4CBA-8F23-31B05A8A1AC4}.Release|Any CPU.Build.0 = Release|Any CPU
		{0C2BAA49-633D-4CBA-8F23-31B05A8A1AC4}.Release|iPhone.ActiveCfg = Release|Any CPU
		{0C2BAA49-633D-4CBA-8F23-31B05A8A1AC4}.Release|iPhone.Build.0 = Release|Any CPU
		{0C2BAA49-633D-4CBA-8F23-31B05A8A1AC4}.Release|iPhoneSimulator.ActiveCfg = Release|Any CPU
		{0C2BAA49-633D-4CBA-8F23-31B05A8A1AC4}.Release|iPhoneSimulator.Build.0 = Release|Any CPU
		{56CA57D1-2007-4715-8E34-EEB3B04D8A95}.Ad-Hoc|Any CPU.ActiveCfg = Release|Any CPU
		{56CA57D1-2007-4715-8E34-EEB3B04D8A95}.Ad-Hoc|Any CPU.Build.0 = Release|Any CPU
		{56CA57D1-2007-4715-8E34-EEB3B04D8A95}.Ad-Hoc|Any CPU.Deploy.0 = Release|Any CPU
		{56CA57D1-2007-4715-8E34-EEB3B04D8A95}.Ad-Hoc|iPhone.ActiveCfg = Release|Any CPU
		{56CA57D1-2007-4715-8E34-EEB3B04D8A95}.Ad-Hoc|iPhone.Build.0 = Release|Any CPU
		{56CA57D1-2007-4715-8E34-EEB3B04D8A95}.Ad-Hoc|iPhone.Deploy.0 = Release|Any CPU
		{56CA57D1-2007-4715-8E34-EEB3B04D8A95}.Ad-Hoc|iPhoneSimulator.ActiveCfg = Release|Any CPU
		{56CA57D1-2007-4715-8E34-EEB3B04D8A95}.Ad-Hoc|iPhoneSimulator.Build.0 = Release|Any CPU
		{56CA57D1-2007-4715-8E34-EEB3B04D8A95}.Ad-Hoc|iPhoneSimulator.Deploy.0 = Release|Any CPU
		{56CA57D1-2007-4715-8E34-EEB3B04D8A95}.AppStore|Any CPU.ActiveCfg = Release|Any CPU
		{56CA57D1-2007-4715-8E34-EEB3B04D8A95}.AppStore|Any CPU.Build.0 = Release|Any CPU
		{56CA57D1-2007-4715-8E34-EEB3B04D8A95}.AppStore|Any CPU.Deploy.0 = Release|Any CPU
		{56CA57D1-2007-4715-8E34-EEB3B04D8A95}.AppStore|iPhone.ActiveCfg = Release|Any CPU
		{56CA57D1-2007-4715-8E34-EEB3B04D8A95}.AppStore|iPhone.Build.0 = Release|Any CPU
		{56CA57D1-2007-4715-8E34-EEB3B04D8A95}.AppStore|iPhone.Deploy.0 = Release|Any CPU
		{56CA57D1-2007-4715-8E34-EEB3B04D8A95}.AppStore|iPhoneSimulator.ActiveCfg = Release|Any CPU
		{56CA57D1-2007-4715-8E34-EEB3B04D8A95}.AppStore|iPhoneSimulator.Build.0 = Release|Any CPU
		{56CA57D1-2007-4715-8E34-EEB3B04D8A95}.AppStore|iPhoneSimulator.Deploy.0 = Release|Any CPU
		{56CA57D1-2007-4715-8E34-EEB3B04D8A95}.Debug|Any CPU.ActiveCfg = Debug|Any CPU
		{56CA57D1-2007-4715-8E34-EEB3B04D8A95}.Debug|Any CPU.Build.0 = Debug|Any CPU
		{56CA57D1-2007-4715-8E34-EEB3B04D8A95}.Debug|Any CPU.Deploy.0 = Debug|Any CPU
		{56CA57D1-2007-4715-8E34-EEB3B04D8A95}.Debug|iPhone.ActiveCfg = Debug|Any CPU
		{56CA57D1-2007-4715-8E34-EEB3B04D8A95}.Debug|iPhone.Build.0 = Debug|Any CPU
		{56CA57D1-2007-4715-8E34-EEB3B04D8A95}.Debug|iPhone.Deploy.0 = Debug|Any CPU
		{56CA57D1-2007-4715-8E34-EEB3B04D8A95}.Debug|iPhoneSimulator.ActiveCfg = Debug|Any CPU
		{56CA57D1-2007-4715-8E34-EEB3B04D8A95}.Debug|iPhoneSimulator.Build.0 = Debug|Any CPU
		{56CA57D1-2007-4715-8E34-EEB3B04D8A95}.Debug|iPhoneSimulator.Deploy.0 = Debug|Any CPU
		{56CA57D1-2007-4715-8E34-EEB3B04D8A95}.Release|Any CPU.ActiveCfg = Release|Any CPU
		{56CA57D1-2007-4715-8E34-EEB3B04D8A95}.Release|Any CPU.Build.0 = Release|Any CPU
		{56CA57D1-2007-4715-8E34-EEB3B04D8A95}.Release|Any CPU.Deploy.0 = Release|Any CPU
		{56CA57D1-2007-4715-8E34-EEB3B04D8A95}.Release|iPhone.ActiveCfg = Release|Any CPU
		{56CA57D1-2007-4715-8E34-EEB3B04D8A95}.Release|iPhone.Build.0 = Release|Any CPU
		{56CA57D1-2007-4715-8E34-EEB3B04D8A95}.Release|iPhone.Deploy.0 = Release|Any CPU
		{56CA57D1-2007-4715-8E34-EEB3B04D8A95}.Release|iPhoneSimulator.ActiveCfg = Release|Any CPU
		{56CA57D1-2007-4715-8E34-EEB3B04D8A95}.Release|iPhoneSimulator.Build.0 = Release|Any CPU
		{56CA57D1-2007-4715-8E34-EEB3B04D8A95}.Release|iPhoneSimulator.Deploy.0 = Release|Any CPU
		{4BC8EF41-4CF8-4F46-B1E0-C2F611DF8FE5}.Ad-Hoc|Any CPU.ActiveCfg = Ad-Hoc|iPhone
		{4BC8EF41-4CF8-4F46-B1E0-C2F611DF8FE5}.Ad-Hoc|iPhone.ActiveCfg = Ad-Hoc|iPhone
		{4BC8EF41-4CF8-4F46-B1E0-C2F611DF8FE5}.Ad-Hoc|iPhone.Build.0 = Ad-Hoc|iPhone
		{4BC8EF41-4CF8-4F46-B1E0-C2F611DF8FE5}.Ad-Hoc|iPhoneSimulator.ActiveCfg = Ad-Hoc|iPhoneSimulator
		{4BC8EF41-4CF8-4F46-B1E0-C2F611DF8FE5}.Ad-Hoc|iPhoneSimulator.Build.0 = Ad-Hoc|iPhoneSimulator
		{4BC8EF41-4CF8-4F46-B1E0-C2F611DF8FE5}.AppStore|Any CPU.ActiveCfg = AppStore|iPhone
		{4BC8EF41-4CF8-4F46-B1E0-C2F611DF8FE5}.AppStore|iPhone.ActiveCfg = AppStore|iPhone
		{4BC8EF41-4CF8-4F46-B1E0-C2F611DF8FE5}.AppStore|iPhone.Build.0 = AppStore|iPhone
		{4BC8EF41-4CF8-4F46-B1E0-C2F611DF8FE5}.AppStore|iPhoneSimulator.ActiveCfg = AppStore|iPhoneSimulator
		{4BC8EF41-4CF8-4F46-B1E0-C2F611DF8FE5}.AppStore|iPhoneSimulator.Build.0 = AppStore|iPhoneSimulator
		{4BC8EF41-4CF8-4F46-B1E0-C2F611DF8FE5}.Debug|Any CPU.ActiveCfg = Debug|iPhone
		{4BC8EF41-4CF8-4F46-B1E0-C2F611DF8FE5}.Debug|iPhone.ActiveCfg = Debug|iPhone
		{4BC8EF41-4CF8-4F46-B1E0-C2F611DF8FE5}.Debug|iPhone.Build.0 = Debug|iPhone
		{4BC8EF41-4CF8-4F46-B1E0-C2F611DF8FE5}.Debug|iPhoneSimulator.ActiveCfg = Debug|iPhoneSimulator
		{4BC8EF41-4CF8-4F46-B1E0-C2F611DF8FE5}.Debug|iPhoneSimulator.Build.0 = Debug|iPhoneSimulator
		{4BC8EF41-4CF8-4F46-B1E0-C2F611DF8FE5}.Release|Any CPU.ActiveCfg = Release|iPhone
		{4BC8EF41-4CF8-4F46-B1E0-C2F611DF8FE5}.Release|iPhone.ActiveCfg = Release|iPhone
		{4BC8EF41-4CF8-4F46-B1E0-C2F611DF8FE5}.Release|iPhone.Build.0 = Release|iPhone
		{4BC8EF41-4CF8-4F46-B1E0-C2F611DF8FE5}.Release|iPhoneSimulator.ActiveCfg = Release|iPhoneSimulator
		{4BC8EF41-4CF8-4F46-B1E0-C2F611DF8FE5}.Release|iPhoneSimulator.Build.0 = Release|iPhoneSimulator
		{3C7080F5-5443-43C9-B5AD-25E907220378}.Ad-Hoc|Any CPU.ActiveCfg = Debug|Any CPU
		{3C7080F5-5443-43C9-B5AD-25E907220378}.Ad-Hoc|Any CPU.Build.0 = Debug|Any CPU
		{3C7080F5-5443-43C9-B5AD-25E907220378}.Ad-Hoc|iPhone.ActiveCfg = Debug|Any CPU
		{3C7080F5-5443-43C9-B5AD-25E907220378}.Ad-Hoc|iPhone.Build.0 = Debug|Any CPU
		{3C7080F5-5443-43C9-B5AD-25E907220378}.Ad-Hoc|iPhoneSimulator.ActiveCfg = Debug|Any CPU
		{3C7080F5-5443-43C9-B5AD-25E907220378}.Ad-Hoc|iPhoneSimulator.Build.0 = Debug|Any CPU
		{3C7080F5-5443-43C9-B5AD-25E907220378}.AppStore|Any CPU.ActiveCfg = Debug|Any CPU
		{3C7080F5-5443-43C9-B5AD-25E907220378}.AppStore|Any CPU.Build.0 = Debug|Any CPU
		{3C7080F5-5443-43C9-B5AD-25E907220378}.AppStore|iPhone.ActiveCfg = Debug|Any CPU
		{3C7080F5-5443-43C9-B5AD-25E907220378}.AppStore|iPhone.Build.0 = Debug|Any CPU
		{3C7080F5-5443-43C9-B5AD-25E907220378}.AppStore|iPhoneSimulator.ActiveCfg = Debug|Any CPU
		{3C7080F5-5443-43C9-B5AD-25E907220378}.AppStore|iPhoneSimulator.Build.0 = Debug|Any CPU
		{3C7080F5-5443-43C9-B5AD-25E907220378}.Debug|Any CPU.ActiveCfg = Debug|Any CPU
		{3C7080F5-5443-43C9-B5AD-25E907220378}.Debug|Any CPU.Build.0 = Debug|Any CPU
		{3C7080F5-5443-43C9-B5AD-25E907220378}.Debug|iPhone.ActiveCfg = Debug|Any CPU
		{3C7080F5-5443-43C9-B5AD-25E907220378}.Debug|iPhone.Build.0 = Debug|Any CPU
		{3C7080F5-5443-43C9-B5AD-25E907220378}.Debug|iPhoneSimulator.ActiveCfg = Debug|Any CPU
		{3C7080F5-5443-43C9-B5AD-25E907220378}.Debug|iPhoneSimulator.Build.0 = Debug|Any CPU
		{3C7080F5-5443-43C9-B5AD-25E907220378}.Release|Any CPU.ActiveCfg = Release|Any CPU
		{3C7080F5-5443-43C9-B5AD-25E907220378}.Release|Any CPU.Build.0 = Release|Any CPU
		{3C7080F5-5443-43C9-B5AD-25E907220378}.Release|iPhone.ActiveCfg = Release|Any CPU
		{3C7080F5-5443-43C9-B5AD-25E907220378}.Release|iPhone.Build.0 = Release|Any CPU
		{3C7080F5-5443-43C9-B5AD-25E907220378}.Release|iPhoneSimulator.ActiveCfg = Release|Any CPU
		{3C7080F5-5443-43C9-B5AD-25E907220378}.Release|iPhoneSimulator.Build.0 = Release|Any CPU
		{70788858-3F64-4C1E-90B5-A8C653B4F0C8}.Ad-Hoc|Any CPU.ActiveCfg = Release|Any CPU
		{70788858-3F64-4C1E-90B5-A8C653B4F0C8}.Ad-Hoc|Any CPU.Build.0 = Release|Any CPU
		{70788858-3F64-4C1E-90B5-A8C653B4F0C8}.Ad-Hoc|iPhone.ActiveCfg = Release|Any CPU
		{70788858-3F64-4C1E-90B5-A8C653B4F0C8}.Ad-Hoc|iPhone.Build.0 = Release|Any CPU
		{70788858-3F64-4C1E-90B5-A8C653B4F0C8}.Ad-Hoc|iPhoneSimulator.ActiveCfg = Release|Any CPU
		{70788858-3F64-4C1E-90B5-A8C653B4F0C8}.Ad-Hoc|iPhoneSimulator.Build.0 = Release|Any CPU
		{70788858-3F64-4C1E-90B5-A8C653B4F0C8}.AppStore|Any CPU.ActiveCfg = Release|Any CPU
		{70788858-3F64-4C1E-90B5-A8C653B4F0C8}.AppStore|Any CPU.Build.0 = Release|Any CPU
		{70788858-3F64-4C1E-90B5-A8C653B4F0C8}.AppStore|iPhone.ActiveCfg = Release|Any CPU
		{70788858-3F64-4C1E-90B5-A8C653B4F0C8}.AppStore|iPhone.Build.0 = Release|Any CPU
		{70788858-3F64-4C1E-90B5-A8C653B4F0C8}.AppStore|iPhoneSimulator.ActiveCfg = Release|Any CPU
		{70788858-3F64-4C1E-90B5-A8C653B4F0C8}.AppStore|iPhoneSimulator.Build.0 = Release|Any CPU
		{70788858-3F64-4C1E-90B5-A8C653B4F0C8}.Debug|Any CPU.ActiveCfg = Debug|Any CPU
		{70788858-3F64-4C1E-90B5-A8C653B4F0C8}.Debug|Any CPU.Build.0 = Debug|Any CPU
		{70788858-3F64-4C1E-90B5-A8C653B4F0C8}.Debug|iPhone.ActiveCfg = Debug|Any CPU
		{70788858-3F64-4C1E-90B5-A8C653B4F0C8}.Debug|iPhone.Build.0 = Debug|Any CPU
		{70788858-3F64-4C1E-90B5-A8C653B4F0C8}.Debug|iPhoneSimulator.ActiveCfg = Debug|Any CPU
		{70788858-3F64-4C1E-90B5-A8C653B4F0C8}.Debug|iPhoneSimulator.Build.0 = Debug|Any CPU
		{70788858-3F64-4C1E-90B5-A8C653B4F0C8}.Release|Any CPU.ActiveCfg = Release|Any CPU
		{70788858-3F64-4C1E-90B5-A8C653B4F0C8}.Release|Any CPU.Build.0 = Release|Any CPU
		{70788858-3F64-4C1E-90B5-A8C653B4F0C8}.Release|iPhone.ActiveCfg = Release|Any CPU
		{70788858-3F64-4C1E-90B5-A8C653B4F0C8}.Release|iPhone.Build.0 = Release|Any CPU
		{70788858-3F64-4C1E-90B5-A8C653B4F0C8}.Release|iPhoneSimulator.ActiveCfg = Release|Any CPU
		{70788858-3F64-4C1E-90B5-A8C653B4F0C8}.Release|iPhoneSimulator.Build.0 = Release|Any CPU
	EndGlobalSection
	GlobalSection(SolutionProperties) = preSolution
		HideSolutionNode = FALSE
	EndGlobalSection
	GlobalSection(ExtensibilityGlobals) = postSolution
		SolutionGuid = {0CEE850A-065A-426A-8AB6-204FCB990225}
	EndGlobalSection
EndGlobal
